<?xml version="1.0" encoding="utf-8"?>
<Project ToolsVersion="4.0" xmlns="http://schemas.microsoft.com/developer/msbuild/2003">
  <ItemGroup>
    <Filter Include="Source Files">
      <UniqueIdentifier>{4FC737F1-C7A5-4376-A066-2A32D752A2FF}</UniqueIdentifier>
      <Extensions>cpp;cxx;c;def</Extensions>
    </Filter>
    <Filter Include="Header Files">
      <UniqueIdentifier>{93995380-89BD-4b04-88EB-625FBE52EBFB}</UniqueIdentifier>
      <Extensions>h</Extensions>
    </Filter>
    <Filter Include="Form Files">
      <UniqueIdentifier>{99349809-55BA-4b9d-BF79-8FDBB0286EB3}</UniqueIdentifier>
      <Extensions>ui</Extensions>
    </Filter>
    <Filter Include="Resource Files">
      <UniqueIdentifier>{D9D6E242-F8AF-46E4-B9FD-80ECBC20BA3E}</UniqueIdentifier>
      <Extensions>qrc;*</Extensions>
      <ParseFiles>false</ParseFiles>
    </Filter>
    <Filter Include="Generated Files">
      <UniqueIdentifier>{71ED8ED8-ACB9-4CE9-BBE1-E00B30144E11}</UniqueIdentifier>
      <Extensions>moc;h;cpp</Extensions>
      <SourceControlFiles>False</SourceControlFiles>
    </Filter>
    <Filter Include="Generated Files\Debug">
      <UniqueIdentifier>{2b68d8a8-81f8-4acd-a4c9-5d7b78cc3970}</UniqueIdentifier>
      <Extensions>cpp;moc</Extensions>
      <SourceControlFiles>False</SourceControlFiles>
    </Filter>
    <Filter Include="Generated Files\Release">
      <UniqueIdentifier>{7d6bf36e-ea23-4e16-830e-9cd17f7eeb04}</UniqueIdentifier>
      <Extensions>cpp;moc</Extensions>
      <SourceControlFiles>False</SourceControlFiles>
    </Filter>
    <Filter Include="Source Files\protocol">
      <UniqueIdentifier>{aee9281e-ea25-4c4a-9ec5-71b5beb84b1c}</UniqueIdentifier>
    </Filter>
    <Filter Include="Header Files\protocol">
      <UniqueIdentifier>{09186b7a-b995-41be-b557-f84adbfbb53e}</UniqueIdentifier>
    </Filter>
    <Filter Include="Messages">
      <UniqueIdentifier>{3a8e30b4-3d56-4fa5-bb95-637aa93ee010}</UniqueIdentifier>
    </Filter>
  </ItemGroup>
  <ItemGroup>
    <ClCompile Include="main.cpp">
      <Filter>Source Files</Filter>
    </ClCompile>
    <ClCompile Include="RoboTutorClient.cpp">
      <Filter>Source Files</Filter>
    </ClCompile>
    <ClCompile Include="GeneratedFiles\Debug\moc_RoboTutorClient.cpp">
      <Filter>Generated Files\Debug</Filter>
    </ClCompile>
    <ClCompile Include="GeneratedFiles\Release\moc_RoboTutorClient.cpp">
      <Filter>Generated Files\Release</Filter>
    </ClCompile>
    <ClCompile Include="GeneratedFiles\qrc_RoboTutorClient.cpp">
      <Filter>Generated Files</Filter>
    </ClCompile>
    <ClCompile Include="PptController.cpp">
      <Filter>Source Files</Filter>
    </ClCompile>
    <ClCompile Include="CodeEditor.cpp">
      <Filter>Source Files</Filter>
    </ClCompile>
    <ClCompile Include="GeneratedFiles\Debug\moc_CodeEditor.cpp">
      <Filter>Generated Files\Debug</Filter>
    </ClCompile>
    <ClCompile Include="GeneratedFiles\Release\moc_CodeEditor.cpp">
      <Filter>Generated Files\Release</Filter>
    </ClCompile>
    <ClCompile Include="ScriptHighlighter.cpp">
      <Filter>Source Files</Filter>
    </ClCompile>
    <ClCompile Include="AsioThread.cpp">
      <Filter>Source Files</Filter>
    </ClCompile>
    <ClCompile Include="GeneratedFiles\Debug\moc_AsioThread.cpp">
      <Filter>Generated Files\Debug</Filter>
    </ClCompile>
    <ClCompile Include="GeneratedFiles\Release\moc_AsioThread.cpp">
      <Filter>Generated Files\Release</Filter>
    </ClCompile>
    <ClCompile Include="protocol\messages.pb.cc">
      <Filter>Source Files\protocol</Filter>
    </ClCompile>
    <ClCompile Include="StdAfx.cpp">
      <Filter>Source Files</Filter>
    </ClCompile>
  </ItemGroup>
  <ItemGroup>
    <CustomBuild Include="RoboTutorClient.h">
      <Filter>Header Files</Filter>
    </CustomBuild>
    <CustomBuild Include="RoboTutorClient.ui">
      <Filter>Form Files</Filter>
    </CustomBuild>
    <CustomBuild Include="RoboTutorClient.qrc">
      <Filter>Resource Files</Filter>
    </CustomBuild>
    <CustomBuild Include="CodeEditor.h">
      <Filter>Header Files</Filter>
    </CustomBuild>
    <CustomBuild Include="AsioThread.h">
      <Filter>Header Files</Filter>
    </CustomBuild>
    <CustomBuild Include="protocol\messages.proto">
      <Filter>Messages</Filter>
    </CustomBuild>
  </ItemGroup>
  <ItemGroup>
    <ClInclude Include="GeneratedFiles\ui_RoboTutorClient.h">
      <Filter>Generated Files</Filter>
    </ClInclude>
    <ClInclude Include="protobuf.hpp">
      <Filter>Header Files</Filter>
    </ClInclude>
    <ClInclude Include="client.hpp">
      <Filter>Header Files</Filter>
    </ClInclude>
    <ClInclude Include="connection.hpp">
      <Filter>Header Files</Filter>
    </ClInclude>
    <ClInclude Include="PptController.h">
      <Filter>Header Files</Filter>
    </ClInclude>
    <ClInclude Include="ScriptHighlighter.h">
      <Filter>Header Files</Filter>
    </ClInclude>
    <ClInclude Include="protocol\messages.pb.h">
      <Filter>Header Files\protocol</Filter>
    </ClInclude>
    <ClInclude Include="StdAfx.h">
      <Filter>Header Files</Filter>
    </ClInclude>
  </ItemGroup>
  <ItemGroup>
    <ResourceCompile Include="RoboTutorClient.rc" />
  </ItemGroup>
</Project>